
Microsoft Visual Studio Solution File, Format Version 11.00
# Visual Studio 2010
Project("{FAE04EC0-301F-11D3-BF4B-00C04F79EFBC}") = "Assembly-CSharp", "Assembly-CSharp.csproj", "{0B7EF01B-1DA8-2607-73B8-CED3AC0BBBD2}"
EndProject
Project("{FAE04EC0-301F-11D3-BF4B-00C04F79EFBC}") = "Assembly-CSharp-Editor", "Assembly-CSharp-Editor.csproj", "{E0FB8DEC-7673-0207-0FA1-78B6F199F11E}"
EndProject
Global
	GlobalSection(SolutionConfigurationPlatforms) = preSolution
		Debug|Any CPU = Debug|Any CPU
		Release|Any CPU = Release|Any CPU
	EndGlobalSection
	GlobalSection(ProjectConfigurationPlatforms) = postSolution
		{0B7EF01B-1DA8-2607-73B8-CED3AC0BBBD2}.Debug|Any CPU.ActiveCfg = Debug|Any CPU
		{0B7EF01B-1DA8-2607-73B8-CED3AC0BBBD2}.Debug|Any CPU.Build.0 = Debug|Any CPU
		{0B7EF01B-1DA8-2607-73B8-CED3AC0BBBD2}.Release|Any CPU.ActiveCfg = Release|Any CPU
		{0B7EF01B-1DA8-2607-73B8-CED3AC0BBBD2}.Release|Any CPU.Build.0 = Release|Any CPU
		{E0FB8DEC-7673-0207-0FA1-78B6F199F11E}.Debug|Any CPU.ActiveCfg = Debug|Any CPU
		{E0FB8DEC-7673-0207-0FA1-78B6F199F11E}.Debug|Any CPU.Build.0 = Debug|Any CPU
		{E0FB8DEC-7673-0207-0FA1-78B6F199F11E}.Release|Any CPU.ActiveCfg = Release|Any CPU
		{E0FB8DEC-7673-0207-0FA1-78B6F199F11E}.Release|Any CPU.Build.0 = Release|Any CPU
	EndGlobalSection
	GlobalSection(SolutionProperties) = preSolution
		HideSolutionNode = FALSE
	EndGlobalSection
EndGlobal
